{
  "name": "webclass_extension",
  "version": "0.5.2",
  "lockfileVersion": 1,
  "requires": true,
  "dependencies": {
    "@types/chrome": {
      "version": "0.0.126",
      "resolved": "https://registry.npmjs.org/@types/chrome/-/chrome-0.0.126.tgz",
      "integrity": "sha512-191z7uoyfbGU+z7/m45j9XbWugWqVHVPMM4hJV5cZ+3YzGCT9wFjMUHO3Wr3Xvo8aVodvRNu28u7lvEaAnfbzg==",
      "requires": {
        "@types/filesystem": "*",
        "@types/har-format": "*"
      }
    },
    "@types/filesystem": {
      "version": "0.0.29",
      "resolved": "https://registry.npmjs.org/@types/filesystem/-/filesystem-0.0.29.tgz",
      "integrity": "sha512-85/1KfRedmfPGsbK8YzeaQUyV1FQAvMPMTuWFQ5EkLd2w7szhNO96bk3Rh/SKmOfd9co2rCLf0Voy4o7ECBOvw==",
      "requires": {
        "@types/filewriter": "*"
      }
    },
    "@types/filewriter": {
      "version": "0.0.28",
      "resolved": "https://registry.npmjs.org/@types/filewriter/-/filewriter-0.0.28.tgz",
      "integrity": "sha1-wFTor02d11205jq8dviFFocU1LM="
    },
    "@types/har-format": {
      "version": "1.2.5",
      "resolved": "https://registry.npmjs.org/@types/har-format/-/har-format-1.2.5.tgz",
      "integrity": "sha512-IG8AE1m2pWtPqQ7wXhFhy6Q59bwwnLwO36v5Rit2FrbXCIp8Sk8E2PfUCreyrdo17STwFSKDAkitVuVYbpEHvQ=="
    },
    "@types/jquery": {
      "version": "3.5.4",
      "resolved": "https://registry.npmjs.org/@types/jquery/-/jquery-3.5.4.tgz",
      "integrity": "sha512-//9CHhaUt/rurMJTxGI+I6DmsNHgYU6d8aSLFfO5dB7+10lwLnaWT0z5GY/yY82Q/M+B+0Qh3TixlJ8vmBeqIw==",
      "requires": {
        "@types/sizzle": "*"
      }
    },
    "@types/node": {
      "version": "14.14.10",
      "resolved": "https://registry.npmjs.org/@types/node/-/node-14.14.10.tgz",
      "integrity": "sha512-J32dgx2hw8vXrSbu4ZlVhn1Nm3GbeCFNw2FWL8S5QKucHGY0cyNwjdQdO+KMBZ4wpmC7KhLCiNsdk1RFRIYUQQ=="
    },
    "@types/sizzle": {
      "version": "2.3.2",
      "resolved": "https://registry.npmjs.org/@types/sizzle/-/sizzle-2.3.2.tgz",
      "integrity": "sha512-7EJYyKTL7tFR8+gDbB6Wwz/arpGa0Mywk1TJbNzKzHtzbwVmY4HR9WqS5VV7dsBUKQmPNr192jHr/VpBluj/hg=="
    }
  }
}
